// !$*UTF8*$!
{
	archiveVersion = 1;
	classes = {
	};
	objectVersion = 56;
	objects = {

/* Begin PBXBuildFile section */
		8332A4FC292FAB30002D4B98 /* MyImageClassifier2 1.mlmodel in Sources */ = {isa = PBXBuildFile; fileRef = 8332A4FB292FAB30002D4B98 /* MyImageClassifier2 1.mlmodel */; };
		839C343D29229D78004C5141 /* PhotoRecognizerApp.swift in Sources */ = {isa = PBXBuildFile; fileRef = 839C343C29229D78004C5141 /* PhotoRecognizerApp.swift */; };
		839C343F29229D78004C5141 /* ContentView.swift in Sources */ = {isa = PBXBuildFile; fileRef = 839C343E29229D78004C5141 /* ContentView.swift */; };
		839C344129229D79004C5141 /* Assets.xcassets in Resources */ = {isa = PBXBuildFile; fileRef = 839C344029229D79004C5141 /* Assets.xcassets */; };
		839C344429229D79004C5141 /* Preview Assets.xcassets in Resources */ = {isa = PBXBuildFile; fileRef = 839C344329229D79004C5141 /* Preview Assets.xcassets */; };
		839C344D2922C90D004C5141 /* ImagePickerView.swift in Sources */ = {isa = PBXBuildFile; fileRef = 839C344C2922C90D004C5141 /* ImagePickerView.swift */; };
		839C344F2922CB68004C5141 /* MLClassifier.swift in Sources */ = {isa = PBXBuildFile; fileRef = 839C344E2922CB68004C5141 /* MLClassifier.swift */; };
		839C34532922CC15004C5141 /* ImageClassifier.swift in Sources */ = {isa = PBXBuildFile; fileRef = 839C34522922CC15004C5141 /* ImageClassifier.swift */; };
/* End PBXBuildFile section */

/* Begin PBXFileReference section */
		8332A4FB292FAB30002D4B98 /* MyImageClassifier2 1.mlmodel */ = {isa = PBXFileReference; lastKnownFileType = file.mlmodel; path = "MyImageClassifier2 1.mlmodel"; sourceTree = "<group>"; };
		839C343929229D78004C5141 /* PhotoRecognizer.app */ = {isa = PBXFileReference; explicitFileType = wrapper.application; includeInIndex = 0; path = PhotoRecognizer.app; sourceTree = BUILT_PRODUCTS_DIR; };
		839C343C29229D78004C5141 /* PhotoRecognizerApp.swift */ = {isa = PBXFileReference; lastKnownFileType = sourcecode.swift; path = PhotoRecognizerApp.swift; sourceTree = "<group>"; };
		839C343E29229D78004C5141 /* ContentView.swift */ = {isa = PBXFileReference; lastKnownFileType = sourcecode.swift; path = ContentView.swift; sourceTree = "<group>"; };
		839C344029229D79004C5141 /* Assets.xcassets */ = {isa = PBXFileReference; lastKnownFileType = folder.assetcatalog; path = Assets.xcassets; sourceTree = "<group>"; };
		839C344329229D79004C5141 /* Preview Assets.xcassets */ = {isa = PBXFileReference; lastKnownFileType = folder.assetcatalog; path = "Preview Assets.xcassets"; sourceTree = "<group>"; };
		839C344C2922C90D004C5141 /* ImagePickerView.swift */ = {isa = PBXFileReference; lastKnownFileType = sourcecode.swift; path = ImagePickerView.swift; sourceTree = "<group>"; };
		839C344E2922CB68004C5141 /* MLClassifier.swift */ = {isa = PBXFileReference; lastKnownFileType = sourcecode.swift; path = MLClassifier.swift; sourceTree = "<group>"; };
		839C34522922CC15004C5141 /* ImageClassifier.swift */ = {isa = PBXFileReference; lastKnownFileType = sourcecode.swift; path = ImageClassifier.swift; sourceTree = "<group>"; };
/* End PBXFileReference section */

/* Begin PBXFrameworksBuildPhase section */
		839C343629229D78004C5141 /* Frameworks */ = {
			isa = PBXFrameworksBuildPhase;
			buildActionMask = 2147483647;
			files = (
			);
			runOnlyForDeploymentPostprocessing = 0;
		};
/* End PBXFrameworksBuildPhase section */

/* Begin PBXGroup section */
		839C343029229D78004C5141 = {
			isa = PBXGroup;
			children = (
				839C343B29229D78004C5141 /* PhotoRecognizer */,
				839C343A29229D78004C5141 /* Products */,
			);
			sourceTree = "<group>";
		};
		839C343A29229D78004C5141 /* Products */ = {
			isa = PBXGroup;
			children = (
				839C343929229D78004C5141 /* PhotoRecognizer.app */,
			);
			name = Products;
			sourceTree = "<group>";
		};
		839C343B29229D78004C5141 /* PhotoRecognizer */ = {
			isa = PBXGroup;
			children = (
				839C344B2922C8F2004C5141 /* Views */,
				839C344A2922C8C1004C5141 /* Models */,
				839C343C29229D78004C5141 /* PhotoRecognizerApp.swift */,
				839C343E29229D78004C5141 /* ContentView.swift */,
				839C344029229D79004C5141 /* Assets.xcassets */,
				839C344229229D79004C5141 /* Preview Content */,
			);
			path = PhotoRecognizer;
			sourceTree = "<group>";
		};
		839C344229229D79004C5141 /* Preview Content */ = {
			isa = PBXGroup;
			children = (
				839C344329229D79004C5141 /* Preview Assets.xcassets */,
				8332A4FB292FAB30002D4B98 /* MyImageClassifier2 1.mlmodel */,
			);
			path = "Preview Content";
			sourceTree = "<group>";
		};
		839C344A2922C8C1004C5141 /* Models */ = {
			isa = PBXGroup;
			children = (
				839C344E2922CB68004C5141 /* MLClassifier.swift */,
			);
			path = Models;
			sourceTree = "<group>";
		};
		839C344B2922C8F2004C5141 /* Views */ = {
			isa = PBXGroup;
			children = (
				839C344C2922C90D004C5141 /* ImagePickerView.swift */,
				839C34522922CC15004C5141 /* ImageClassifier.swift */,
			);
			path = Views;
			sourceTree = "<group>";
		};
/* End PBXGroup section */

/* Begin PBXNativeTarget section */
		839C343829229D78004C5141 /* PhotoRecognizer */ = {
			isa = PBXNativeTarget;
			buildConfigurationList = 839C344729229D79004C5141 /* Build configuration list for PBXNativeTarget "PhotoRecognizer" */;
			buildPhases = (
				839C343529229D78004C5141 /* Sources */,
				839C343629229D78004C5141 /* Frameworks */,
				839C343729229D78004C5141 /* Resources */,
			);
			buildRules = (
			);
			dependencies = (
			);
			name = PhotoRecognizer;
			productName = PhotoRecognizer;
			productReference = 839C343929229D78004C5141 /* PhotoRecognizer.app */;
			productType = "com.apple.product-type.application";
		};
/* End PBXNativeTarget section */

/* Begin PBXProject section */
		839C343129229D78004C5141 /* Project object */ = {
			isa = PBXProject;
			attributes = {
				BuildIndependentTargetsInParallel = 1;
				LastSwiftUpdateCheck = 1410;
				LastUpgradeCheck = 1410;
				TargetAttributes = {
					839C343829229D78004C5141 = {
						CreatedOnToolsVersion = 14.1;
					};
				};
			};
			buildConfigurationList = 839C343429229D78004C5141 /* Build configuration list for PBXProject "PhotoRecognizer" */;
			compatibilityVersion = "Xcode 14.0";
			developmentRegion = en;
			hasScannedForEncodings = 0;
			knownRegions = (
				en,
				Base,
			);
			mainGroup = 839C343029229D78004C5141;
			productRefGroup = 839C343A29229D78004C5141 /* Products */;
			projectDirPath = "";
			projectRoot = "";
			targets = (
				839C343829229D78004C5141 /* PhotoRecognizer */,
			);
		};
/* End PBXProject section */

/* Begin PBXResourcesBuildPhase section */
		839C343729229D78004C5141 /* Resources */ = {
			isa = PBXResourcesBuildPhase;
			buildActionMask = 2147483647;
			files = (
				839C344429229D79004C5141 /* Preview Assets.xcassets in Resources */,
				839C344129229D79004C5141 /* Assets.xcassets in Resources */,
			);
			runOnlyForDeploymentPostprocessing = 0;
		};
/* End PBXResourcesBuildPhase section */

/* Begin PBXSourcesBuildPhase section */
		839C343529229D78004C5141 /* Sources */ = {
			isa = PBXSourcesBuildPhase;
			buildActionMask = 2147483647;
			files = (
				839C343F29229D78004C5141 /* ContentView.swift in Sources */,
				839C344D2922C90D004C5141 /* ImagePickerView.swift in Sources */,
				8332A4FC292FAB30002D4B98 /* MyImageClassifier2 1.mlmodel in Sources */,
				839C34532922CC15004C5141 /* ImageClassifier.swift in Sources */,
				839C343D29229D78004C5141 /* PhotoRecognizerApp.swift in Sources */,
				839C344F2922CB68004C5141 /* MLClassifier.swift in Sources */,
			);
			runOnlyForDeploymentPostprocessing = 0;
		};
/* End PBXSourcesBuildPhase section */

/* Begin XCBuildConfiguration section */
		839C344529229D79004C5141 /* Debug */ = {
			isa = XCBuildConfiguration;
			buildSettings = {
				ALWAYS_SEARCH_USER_PATHS = NO;
				CLANG_ANALYZER_NONNULL = YES;
				CLANG_ANALYZER_NUMBER_OBJECT_CONVERSION = YES_AGGRESSIVE;
				CLANG_CXX_LANGUAGE_STANDARD = "gnu++20";
				CLANG_ENABLE_MODULES = YES;
				CLANG_ENABLE_OBJC_ARC = YES;
				CLANG_ENABLE_OBJC_WEAK = YES;
				CLANG_WARN_BLOCK_CAPTURE_AUTORELEASING = YES;
				CLANG_WARN_BOOL_CONVERSION = YES;
				CLANG_WARN_COMMA = YES;
				CLANG_WARN_CONSTANT_CONVERSION = YES;
				CLANG_WARN_DEPRECATED_OBJC_IMPLEMENTATIONS = YES;
				CLANG_WARN_DIRECT_OBJC_ISA_USAGE = YES_ERROR;
				CLANG_WARN_DOCUMENTATION_COMMENTS = YES;
				CLANG_WARN_EMPTY_BODY = YES;
				CLANG_WARN_ENUM_CONVERSION = YES;
				CLANG_WARN_INFINITE_RECURSION = YES;
				CLANG_WARN_INT_CONVERSION = YES;
				CLANG_WARN_NON_LITERAL_NULL_CONVERSION = YES;
				CLANG_WARN_OBJC_IMPLICIT_RETAIN_SELF = YES;
				CLANG_WARN_OBJC_LITERAL_CONVERSION = YES;
				CLANG_WARN_OBJC_ROOT_CLASS = YES_ERROR;
				CLANG_WARN_QUOTED_INCLUDE_IN_FRAMEWORK_HEADER = YES;
				CLANG_WARN_RANGE_LOOP_ANALYSIS = YES;
				CLANG_WARN_STRICT_PROTOTYPES = YES;
				CLANG_WARN_SUSPICIOUS_MOVE = YES;
				CLANG_WARN_UNGUARDED_AVAILABILITY = YES_AGGRESSIVE;
				CLANG_WARN_UNREACHABLE_CODE = YES;
				CLANG_WARN__DUPLICATE_METHOD_MATCH = YES;
				COPY_PHASE_STRIP = NO;
				DEBUG_INFORMATION_FORMAT = dwarf;
				ENABLE_STRICT_OBJC_MSGSEND = YES;
				ENABLE_TESTABILITY = YES;
				GCC_C_LANGUAGE_STANDARD = gnu11;
				GCC_DYNAMIC_NO_PIC = NO;
				GCC_NO_COMMON_BLOCKS = YES;
				GCC_OPTIMIZATION_LEVEL = 0;
				GCC_PREPROCESSOR_DEFINITIONS = (
					"DEBUG=1",
					"$(inherited)",
				);
				GCC_WARN_64_TO_32_BIT_CONVERSION = YES;
				GCC_WARN_ABOUT_RETURN_TYPE = YES_ERROR;
				GCC_WARN_UNDECLARED_SELECTOR = YES;
				GCC_WARN_UNINITIALIZED_AUTOS = YES_AGGRESSIVE;
				GCC_WARN_UNUSED_FUNCTION = YES;
				GCC_WARN_UNUSED_VARIABLE = YES;
				IPHONEOS_DEPLOYMENT_TARGET = 16.1;
				MTL_ENABLE_DEBUG_INFO = INCLUDE_SOURCE;
				MTL_FAST_MATH = YES;
				ONLY_ACTIVE_ARCH = YES;
				SDKROOT = iphoneos;
				SWIFT_ACTIVE_COMPILATION_CONDITIONS = DEBUG;
				SWIFT_OPTIMIZATION_LEVEL = "-Onone";
			};
			name = Debug;
		};
		839C344629229D79004C5141 /* Release */ = {
			isa = XCBuildConfiguration;
			buildSettings = {
				ALWAYS_SEARCH_USER_PATHS = NO;
				CLANG_ANALYZER_NONNULL = YES;
				CLANG_ANALYZER_NUMBER_OBJECT_CONVERSION = YES_AGGRESSIVE;
				CLANG_CXX_LANGUAGE_STANDARD = "gnu++20";
				CLANG_ENABLE_MODULES = YES;
				CLANG_ENABLE_OBJC_ARC = YES;
				CLANG_ENABLE_OBJC_WEAK = YES;
				CLANG_WARN_BLOCK_CAPTURE_AUTORELEASING = YES;
				CLANG_WARN_BOOL_CONVERSION = YES;
				CLANG_WARN_COMMA = YES;
				CLANG_WARN_CONSTANT_CONVERSION = YES;
				CLANG_WARN_DEPRECATED_OBJC_IMPLEMENTATIONS = YES;
				CLANG_WARN_DIRECT_OBJC_ISA_USAGE = YES_ERROR;
				CLANG_WARN_DOCUMENTATION_COMMENTS = YES;
				CLANG_WARN_EMPTY_BODY = YES;
				CLANG_WARN_ENUM_CONVERSION = YES;
				CLANG_WARN_INFINITE_RECURSION = YES;
				CLANG_WARN_INT_CONVERSION = YES;
				CLANG_WARN_NON_LITERAL_NULL_CONVERSION = YES;
				CLANG_WARN_OBJC_IMPLICIT_RETAIN_SELF = YES;
				CLANG_WARN_OBJC_LITERAL_CONVERSION = YES;
				CLANG_WARN_OBJC_ROOT_CLASS = YES_ERROR;
				CLANG_WARN_QUOTED_INCLUDE_IN_FRAMEWORK_HEADER = YES;
				CLANG_WARN_RANGE_LOOP_ANALYSIS = YES;
				CLANG_WARN_STRICT_PROTOTYPES = YES;
				CLANG_WARN_SUSPICIOUS_MOVE = YES;
				CLANG_WARN_UNGUARDED_AVAILABILITY = YES_AGGRESSIVE;
				CLANG_WARN_UNREACHABLE_CODE = YES;
				CLANG_WARN__DUPLICATE_METHOD_MATCH = YES;
				COPY_PHASE_STRIP = NO;
				DEBUG_INFORMATION_FORMAT = "dwarf-with-dsym";
				ENABLE_NS_ASSERTIONS = NO;
				ENABLE_STRICT_OBJC_MSGSEND = YES;
				GCC_C_LANGUAGE_STANDARD = gnu11;
				GCC_NO_COMMON_BLOCKS = YES;
				GCC_WARN_64_TO_32_BIT_CONVERSION = YES;
				GCC_WARN_ABOUT_RETURN_TYPE = YES_ERROR;
				GCC_WARN_UNDECLARED_SELECTOR = YES;
				GCC_WARN_UNINITIALIZED_AUTOS = YES_AGGRESSIVE;
				GCC_WARN_UNUSED_FUNCTION = YES;
				GCC_WARN_UNUSED_VARIABLE = YES;
				IPHONEOS_DEPLOYMENT_TARGET = 16.1;
				MTL_ENABLE_DEBUG_INFO = NO;
				MTL_FAST_MATH = YES;
				SDKROOT = iphoneos;
				SWIFT_COMPILATION_MODE = wholemodule;
				SWIFT_OPTIMIZATION_LEVEL = "-O";
				VALIDATE_PRODUCT = YES;
			};
			name = Release;
		};
		839C344829229D79004C5141 /* Debug */ = {
			isa = XCBuildConfiguration;
			buildSettings = {
				ASSETCATALOG_COMPILER_APPICON_NAME = AppIcon;
				ASSETCATALOG_COMPILER_GLOBAL_ACCENT_COLOR_NAME = AccentColor;
				CODE_SIGN_STYLE = Automatic;
				CURRENT_PROJECT_VERSION = 1;
				DEVELOPMENT_ASSET_PATHS = "\"PhotoRecognizer/Preview Content\"";
				DEVELOPMENT_TEAM = W76A7456VL;
				ENABLE_PREVIEWS = YES;
				GENERATE_INFOPLIST_FILE = YES;
				INFOPLIST_KEY_NSCameraUsageDescription = "Test privacy";
				INFOPLIST_KEY_UIApplicationSceneManifest_Generation = YES;
				INFOPLIST_KEY_UIApplicationSupportsIndirectInputEvents = YES;
				INFOPLIST_KEY_UILaunchScreen_Generation = YES;
				INFOPLIST_KEY_UISupportedInterfaceOrientations_iPad = "UIInterfaceOrientationPortrait UIInterfaceOrientationPortraitUpsideDown UIInterfaceOrientationLandscapeLeft UIInterfaceOrientationLandscapeRight";
				INFOPLIST_KEY_UISupportedInterfaceOrientations_iPhone = "UIInterfaceOrientationPortrait UIInterfaceOrientationLandscapeLeft UIInterfaceOrientationLandscapeRight";
				INFOPLIST_KEY_UIUserInterfaceStyle = Light;
				LD_RUNPATH_SEARCH_PATHS = (
					"$(inherited)",
					"@executable_path/Frameworks",
				);
				MARKETING_VERSION = 1.0;
				PRODUCT_BUNDLE_IDENTIFIER = Test.PhotoRecognizer;
				PRODUCT_NAME = "$(TARGET_NAME)";
				SWIFT_EMIT_LOC_STRINGS = YES;
				SWIFT_VERSION = 5.0;
				TARGETED_DEVICE_FAMILY = "1,2";
			};
			name = Debug;
		};
		839C344929229D79004C5141 /* Release */ = {
			isa = XCBuildConfiguration;
			buildSettings = {
				ASSETCATALOG_COMPILER_APPICON_NAME = AppIcon;
				ASSETCATALOG_COMPILER_GLOBAL_ACCENT_COLOR_NAME = AccentColor;
				CODE_SIGN_STYLE = Automatic;
				CURRENT_PROJECT_VERSION = 1;
				DEVELOPMENT_ASSET_PATHS = "\"PhotoRecognizer/Preview Content\"";
				DEVELOPMENT_TEAM = W76A7456VL;
				ENABLE_PREVIEWS = YES;
				GENERATE_INFOPLIST_FILE = YES;
				INFOPLIST_KEY_NSCameraUsageDescription = "Test privacy";
				INFOPLIST_KEY_UIApplicationSceneManifest_Generation = YES;
				INFOPLIST_KEY_UIApplicationSupportsIndirectInputEvents = YES;
				INFOPLIST_KEY_UILaunchScreen_Generation = YES;
				INFOPLIST_KEY_UISupportedInterfaceOrientations_iPad = "UIInterfaceOrientationPortrait UIInterfaceOrientationPortraitUpsideDown UIInterfaceOrientationLandscapeLeft UIInterfaceOrientationLandscapeRight";
				INFOPLIST_KEY_UISupportedInterfaceOrientations_iPhone = "UIInterfaceOrientationPortrait UIInterfaceOrientationLandscapeLeft UIInterfaceOrientationLandscapeRight";
				INFOPLIST_KEY_UIUserInterfaceStyle = Light;
				LD_RUNPATH_SEARCH_PATHS = (
					"$(inherited)",
					"@executable_path/Frameworks",
				);
				MARKETING_VERSION = 1.0;
				PRODUCT_BUNDLE_IDENTIFIER = Test.PhotoRecognizer;
				PRODUCT_NAME = "$(TARGET_NAME)";
				SWIFT_EMIT_LOC_STRINGS = YES;
				SWIFT_VERSION = 5.0;
				TARGETED_DEVICE_FAMILY = "1,2";
			};
			name = Release;
		};
/* End XCBuildConfiguration section */

/* Begin XCConfigurationList section */
		839C343429229D78004C5141 /* Build configuration list for PBXProject "PhotoRecognizer" */ = {
			isa = XCConfigurationList;
			buildConfigurations = (
				839C344529229D79004C5141 /* Debug */,
				839C344629229D79004C5141 /* Release */,
			);
			defaultConfigurationIsVisible = 0;
			defaultConfigurationName = Release;
		};
		839C344729229D79004C5141 /* Build configuration list for PBXNativeTarget "PhotoRecognizer" */ = {
			isa = XCConfigurationList;
			buildConfigurations = (
				839C344829229D79004C5141 /* Debug */,
				839C344929229D79004C5141 /* Release */,
			);
			defaultConfigurationIsVisible = 0;
			defaultConfigurationName = Release;
		};
/* End XCConfigurationList section */
	};
	rootObject = 839C343129229D78004C5141 /* Project object */;
}
